
Microsoft Visual Studio Solution File, Format Version 12.00
# Visual Studio Version 17
VisualStudioVersion = 17.11.35327.3
MinimumVisualStudioVersion = 10.0.40219.1
Project("{8BC9CEB8-8B4A-11D0-8D11-00A0C91BC942}") = "Project22", "Project22.vcxproj", "{DE17870A-68D4-40B0-9C80-0C3ED8451AEB}"
EndProject
Global
	GlobalSection(SolutionConfigurationPlatforms) = preSolution
		Debug|x64 = Debug|x64
		Debug|x86 = Debug|x86
		Release|x64 = Release|x64
		Release|x86 = Release|x86
	EndGlobalSection
	GlobalSection(ProjectConfigurationPlatforms) = postSolution
		{DE17870A-68D4-40B0-9C80-0C3ED8451AEB}.Debug|x64.ActiveCfg = Debug|x64
		{DE17870A-68D4-40B0-9C80-0C3ED8451AEB}.Debug|x64.Build.0 = Debug|x64
		{DE17870A-68D4-40B0-9C80-0C3ED8451AEB}.Debug|x86.ActiveCfg = Debug|Win32
		{DE17870A-68D4-40B0-9C80-0C3ED8451AEB}.Debug|x86.Build.0 = Debug|Win32
		{DE17870A-68D4-40B0-9C80-0C3ED8451AEB}.Release|x64.ActiveCfg = Release|x64
		{DE17870A-68D4-40B0-9C80-0C3ED8451AEB}.Release|x64.Build.0 = Release|x64
		{DE17870A-68D4-40B0-9C80-0C3ED8451AEB}.Release|x86.ActiveCfg = Release|Win32
		{DE17870A-68D4-40B0-9C80-0C3ED8451AEB}.Release|x86.Build.0 = Release|Win32
	EndGlobalSection
	GlobalSection(SolutionProperties) = preSolution
		HideSolutionNode = FALSE
	EndGlobalSection
	GlobalSection(ExtensibilityGlobals) = postSolution
		SolutionGuid = {6DCD9860-9291-465A-9115-CAB6436DD516}
	EndGlobalSection
EndGlobal
